
Microsoft Visual Studio Solution File, Format Version 12.00
Project("{FAE04EC0-301F-11D3-BF4B-00C04F79EFBC}") = "W4InClassAssignments", "W4InClassAssignments\W4InClassAssignments.csproj", "{0E9C2845-EC07-45BC-ADFE-F5E1AB2AC64F}"
EndProject
Project("{FAE04EC0-301F-11D3-BF4B-00C04F79EFBC}") = "ChracterCounter", "ChracterCounter\ChracterCounter.csproj", "{131F1CD8-36E0-486F-B6BE-D4CF057B852A}"
EndProject
Project("{FAE04EC0-301F-11D3-BF4B-00C04F79EFBC}") = "ListDetailsDemo", "ListDetailsDemo\ListDetailsDemo.csproj", "{46C7F582-76A4-4693-88BC-7A7CD54633F8}"
EndProject
Project("{FAE04EC0-301F-11D3-BF4B-00C04F79EFBC}") = "ProductList", "ProductList\ProductList.csproj", "{2DF8E1D0-484E-47F0-A9F4-0ED99394C36B}"
EndProject
Project("{FAE04EC0-301F-11D3-BF4B-00C04F79EFBC}") = "MvvmToolkitDemo", "MvvmToolkitDemo\MvvmToolkitDemo.csproj", "{6A54566B-1F1A-4DE3-AE53-8A793CD9C279}"
EndProject
Global
	GlobalSection(SolutionConfigurationPlatforms) = preSolution
		Debug|Any CPU = Debug|Any CPU
		Release|Any CPU = Release|Any CPU
	EndGlobalSection
	GlobalSection(ProjectConfigurationPlatforms) = postSolution
		{0E9C2845-EC07-45BC-ADFE-F5E1AB2AC64F}.Debug|Any CPU.ActiveCfg = Debug|Any CPU
		{0E9C2845-EC07-45BC-ADFE-F5E1AB2AC64F}.Debug|Any CPU.Build.0 = Debug|Any CPU
		{0E9C2845-EC07-45BC-ADFE-F5E1AB2AC64F}.Release|Any CPU.ActiveCfg = Release|Any CPU
		{0E9C2845-EC07-45BC-ADFE-F5E1AB2AC64F}.Release|Any CPU.Build.0 = Release|Any CPU
		{131F1CD8-36E0-486F-B6BE-D4CF057B852A}.Debug|Any CPU.ActiveCfg = Debug|Any CPU
		{131F1CD8-36E0-486F-B6BE-D4CF057B852A}.Debug|Any CPU.Build.0 = Debug|Any CPU
		{131F1CD8-36E0-486F-B6BE-D4CF057B852A}.Release|Any CPU.ActiveCfg = Release|Any CPU
		{131F1CD8-36E0-486F-B6BE-D4CF057B852A}.Release|Any CPU.Build.0 = Release|Any CPU
		{46C7F582-76A4-4693-88BC-7A7CD54633F8}.Debug|Any CPU.ActiveCfg = Debug|Any CPU
		{46C7F582-76A4-4693-88BC-7A7CD54633F8}.Debug|Any CPU.Build.0 = Debug|Any CPU
		{46C7F582-76A4-4693-88BC-7A7CD54633F8}.Release|Any CPU.ActiveCfg = Release|Any CPU
		{46C7F582-76A4-4693-88BC-7A7CD54633F8}.Release|Any CPU.Build.0 = Release|Any CPU
		{2DF8E1D0-484E-47F0-A9F4-0ED99394C36B}.Debug|Any CPU.ActiveCfg = Debug|Any CPU
		{2DF8E1D0-484E-47F0-A9F4-0ED99394C36B}.Debug|Any CPU.Build.0 = Debug|Any CPU
		{2DF8E1D0-484E-47F0-A9F4-0ED99394C36B}.Release|Any CPU.ActiveCfg = Release|Any CPU
		{2DF8E1D0-484E-47F0-A9F4-0ED99394C36B}.Release|Any CPU.Build.0 = Release|Any CPU
		{6A54566B-1F1A-4DE3-AE53-8A793CD9C279}.Debug|Any CPU.ActiveCfg = Debug|Any CPU
		{6A54566B-1F1A-4DE3-AE53-8A793CD9C279}.Debug|Any CPU.Build.0 = Debug|Any CPU
		{6A54566B-1F1A-4DE3-AE53-8A793CD9C279}.Release|Any CPU.ActiveCfg = Release|Any CPU
		{6A54566B-1F1A-4DE3-AE53-8A793CD9C279}.Release|Any CPU.Build.0 = Release|Any CPU
	EndGlobalSection
EndGlobal
